
Microsoft Visual Studio Solution File, Format Version 12.00
# Visual Studio Version 16
VisualStudioVersion = 16.0.33214.272
MinimumVisualStudioVersion = 10.0.40219.1
Project("{FAE04EC0-301F-11D3-BF4B-00C04F79EFBC}") = "exerciciosClassesEncapsulamentoHeranca", "exerciciosClassesEncapsulamentoHeranca\exerciciosClassesEncapsulamentoHeranca.csproj", "{AF4FA7AB-E75F-49BE-BCDD-8D1FED2DBA07}"
EndProject
Global
	GlobalSection(SolutionConfigurationPlatforms) = preSolution
		Debug|Any CPU = Debug|Any CPU
		Release|Any CPU = Release|Any CPU
	EndGlobalSection
	GlobalSection(ProjectConfigurationPlatforms) = postSolution
		{AF4FA7AB-E75F-49BE-BCDD-8D1FED2DBA07}.Debug|Any CPU.ActiveCfg = Debug|Any CPU
		{AF4FA7AB-E75F-49BE-BCDD-8D1FED2DBA07}.Debug|Any CPU.Build.0 = Debug|Any CPU
		{AF4FA7AB-E75F-49BE-BCDD-8D1FED2DBA07}.Release|Any CPU.ActiveCfg = Release|Any CPU
		{AF4FA7AB-E75F-49BE-BCDD-8D1FED2DBA07}.Release|Any CPU.Build.0 = Release|Any CPU
	EndGlobalSection
	GlobalSection(SolutionProperties) = preSolution
		HideSolutionNode = FALSE
	EndGlobalSection
	GlobalSection(ExtensibilityGlobals) = postSolution
		SolutionGuid = {12CEB288-8E31-4455-A7A6-B034B7467A68}
	EndGlobalSection
EndGlobal
